
Microsoft Visual Studio Solution File, Format Version 12.00
# Visual Studio Version 17
VisualStudioVersion = 17.3.32929.385
MinimumVisualStudioVersion = 10.0.40219.1
Project("{F184B08F-C81C-45F6-A57F-5ABD9991F28F}") = "02_PrimitiveDataTypes", "02_PrimitiveDataTypes.vbproj", "{630F6653-B309-4449-A59E-EB1147E281B9}"
EndProject
Global
	GlobalSection(SolutionConfigurationPlatforms) = preSolution
		Debug|Any CPU = Debug|Any CPU
		Release|Any CPU = Release|Any CPU
	EndGlobalSection
	GlobalSection(ProjectConfigurationPlatforms) = postSolution
		{630F6653-B309-4449-A59E-EB1147E281B9}.Debug|Any CPU.ActiveCfg = Debug|Any CPU
		{630F6653-B309-4449-A59E-EB1147E281B9}.Debug|Any CPU.Build.0 = Debug|Any CPU
		{630F6653-B309-4449-A59E-EB1147E281B9}.Release|Any CPU.ActiveCfg = Release|Any CPU
		{630F6653-B309-4449-A59E-EB1147E281B9}.Release|Any CPU.Build.0 = Release|Any CPU
	EndGlobalSection
	GlobalSection(SolutionProperties) = preSolution
		HideSolutionNode = FALSE
	EndGlobalSection
	GlobalSection(ExtensibilityGlobals) = postSolution
		SolutionGuid = {DE5085A2-6375-45F3-9800-465B485CEB0A}
	EndGlobalSection
EndGlobal
